
Microsoft Visual Studio Solution File, Format Version 12.00
# Visual Studio Version 17
VisualStudioVersion = 17.8.34330.188
MinimumVisualStudioVersion = 10.0.40219.1
Project("{FAE04EC0-301F-11D3-BF4B-00C04F79EFBC}") = "Battle", "Battle\Battle.csproj", "{3E40F252-47A9-4BEC-8DFC-02C3C759AA6D}"
EndProject
Global
	GlobalSection(SolutionConfigurationPlatforms) = preSolution
		Debug|Any CPU = Debug|Any CPU
		Release|Any CPU = Release|Any CPU
	EndGlobalSection
	GlobalSection(ProjectConfigurationPlatforms) = postSolution
		{3E40F252-47A9-4BEC-8DFC-02C3C759AA6D}.Debug|Any CPU.ActiveCfg = Debug|Any CPU
		{3E40F252-47A9-4BEC-8DFC-02C3C759AA6D}.Debug|Any CPU.Build.0 = Debug|Any CPU
		{3E40F252-47A9-4BEC-8DFC-02C3C759AA6D}.Release|Any CPU.ActiveCfg = Release|Any CPU
		{3E40F252-47A9-4BEC-8DFC-02C3C759AA6D}.Release|Any CPU.Build.0 = Release|Any CPU
	EndGlobalSection
	GlobalSection(SolutionProperties) = preSolution
		HideSolutionNode = FALSE
	EndGlobalSection
	GlobalSection(ExtensibilityGlobals) = postSolution
		SolutionGuid = {9D43D50D-EA59-4A41-85A3-C1481BC8712A}
	EndGlobalSection
EndGlobal
